
Microsoft Visual Studio Solution File, Format Version 12.00
# Visual Studio 15
VisualStudioVersion = 15.0.28307.1145
MinimumVisualStudioVersion = 10.0.40219.1
Project("{FAE04EC0-301F-11D3-BF4B-00C04F79EFBC}") = "AzureDevOpsDemo", "AzureDevOpsDemo\AzureDevOpsDemo.csproj", "{85FDAFBB-5F4A-4AD7-9C1E-C0AAC1330F93}"
EndProject
Global
	GlobalSection(SolutionConfigurationPlatforms) = preSolution
		Debug|Any CPU = Debug|Any CPU
		Release|Any CPU = Release|Any CPU
	EndGlobalSection
	GlobalSection(ProjectConfigurationPlatforms) = postSolution
		{85FDAFBB-5F4A-4AD7-9C1E-C0AAC1330F93}.Debug|Any CPU.ActiveCfg = Debug|Any CPU
		{85FDAFBB-5F4A-4AD7-9C1E-C0AAC1330F93}.Debug|Any CPU.Build.0 = Debug|Any CPU
		{85FDAFBB-5F4A-4AD7-9C1E-C0AAC1330F93}.Release|Any CPU.ActiveCfg = Release|Any CPU
		{85FDAFBB-5F4A-4AD7-9C1E-C0AAC1330F93}.Release|Any CPU.Build.0 = Release|Any CPU
	EndGlobalSection
	GlobalSection(SolutionProperties) = preSolution
		HideSolutionNode = FALSE
	EndGlobalSection
	GlobalSection(ExtensibilityGlobals) = postSolution
		SolutionGuid = {4A1499A2-51D9-4503-9370-20BC56B22532}
	EndGlobalSection
EndGlobal
